
Microsoft Visual Studio Solution File, Format Version 12.00
# Visual Studio Version 17
VisualStudioVersion = 17.13.35825.156 d17.13
MinimumVisualStudioVersion = 10.0.40219.1
Project("{FAE04EC0-301F-11D3-BF4B-00C04F79EFBC}") = "BinaryAdditionofFloatValues", "BinaryAdditionofFloatValues\BinaryAdditionofFloatValues.csproj", "{2A48D0D1-5AD0-4223-8382-F6A84FAD839C}"
EndProject
Global
	GlobalSection(SolutionConfigurationPlatforms) = preSolution
		Debug|Any CPU = Debug|Any CPU
		Release|Any CPU = Release|Any CPU
	EndGlobalSection
	GlobalSection(ProjectConfigurationPlatforms) = postSolution
		{2A48D0D1-5AD0-4223-8382-F6A84FAD839C}.Debug|Any CPU.ActiveCfg = Debug|Any CPU
		{2A48D0D1-5AD0-4223-8382-F6A84FAD839C}.Debug|Any CPU.Build.0 = Debug|Any CPU
		{2A48D0D1-5AD0-4223-8382-F6A84FAD839C}.Release|Any CPU.ActiveCfg = Release|Any CPU
		{2A48D0D1-5AD0-4223-8382-F6A84FAD839C}.Release|Any CPU.Build.0 = Release|Any CPU
	EndGlobalSection
	GlobalSection(SolutionProperties) = preSolution
		HideSolutionNode = FALSE
	EndGlobalSection
	GlobalSection(ExtensibilityGlobals) = postSolution
		SolutionGuid = {4E756914-D68C-487F-B95C-05CE9417A553}
	EndGlobalSection
EndGlobal
